
Microsoft Visual Studio Solution File, Format Version 12.00
# Visual Studio Version 17
VisualStudioVersion = 17.7.34221.43
MinimumVisualStudioVersion = 10.0.40219.1
Project("{FAE04EC0-301F-11D3-BF4B-00C04F79EFBC}") = "Poet", "Poet.csproj", "{6F70E7F7-91FE-4E89-9442-29DF3AC8E5FB}"
EndProject
Global
	GlobalSection(SolutionConfigurationPlatforms) = preSolution
		Debug|Any CPU = Debug|Any CPU
		Release|Any CPU = Release|Any CPU
	EndGlobalSection
	GlobalSection(ProjectConfigurationPlatforms) = postSolution
		{6F70E7F7-91FE-4E89-9442-29DF3AC8E5FB}.Debug|Any CPU.ActiveCfg = Debug|Any CPU
		{6F70E7F7-91FE-4E89-9442-29DF3AC8E5FB}.Debug|Any CPU.Build.0 = Debug|Any CPU
		{6F70E7F7-91FE-4E89-9442-29DF3AC8E5FB}.Release|Any CPU.ActiveCfg = Release|Any CPU
		{6F70E7F7-91FE-4E89-9442-29DF3AC8E5FB}.Release|Any CPU.Build.0 = Release|Any CPU
	EndGlobalSection
	GlobalSection(SolutionProperties) = preSolution
		HideSolutionNode = FALSE
	EndGlobalSection
	GlobalSection(ExtensibilityGlobals) = postSolution
		SolutionGuid = {5F081CE9-7CBC-454E-8823-1EA869F0D1BC}
	EndGlobalSection
EndGlobal
